
Microsoft Visual Studio Solution File, Format Version 12.00
# Visual Studio Version 17
VisualStudioVersion = 17.0.31912.275
MinimumVisualStudioVersion = 10.0.40219.1
Project("{FAE04EC0-301F-11D3-BF4B-00C04F79EFBC}") = "CC_ClassTypes_Lesson12", "CC_ClassTypes_Lesson12\CC_ClassTypes_Lesson12.csproj", "{A48A02F9-2043-4D29-B090-C52A22221564}"
EndProject
Global
	GlobalSection(SolutionConfigurationPlatforms) = preSolution
		Debug|Any CPU = Debug|Any CPU
		Release|Any CPU = Release|Any CPU
	EndGlobalSection
	GlobalSection(ProjectConfigurationPlatforms) = postSolution
		{A48A02F9-2043-4D29-B090-C52A22221564}.Debug|Any CPU.ActiveCfg = Debug|Any CPU
		{A48A02F9-2043-4D29-B090-C52A22221564}.Debug|Any CPU.Build.0 = Debug|Any CPU
		{A48A02F9-2043-4D29-B090-C52A22221564}.Release|Any CPU.ActiveCfg = Release|Any CPU
		{A48A02F9-2043-4D29-B090-C52A22221564}.Release|Any CPU.Build.0 = Release|Any CPU
	EndGlobalSection
	GlobalSection(SolutionProperties) = preSolution
		HideSolutionNode = FALSE
	EndGlobalSection
	GlobalSection(ExtensibilityGlobals) = postSolution
		SolutionGuid = {3BE8DEC5-21AF-4144-B1FA-0A75AAFD26D9}
	EndGlobalSection
EndGlobal
